Microsoft Visual Studio Solution File, Format Version 12.00
# Visual Studio Version 17
VisualStudioVersion = 17.5.2.0
MinimumVisualStudioVersion = 10.0.40219.1
Project("{FAE04EC0-301F-11D3-BF4B-00C04F79EFBC}") = "Desafio_3", "Desafio_3.csproj", "{574D6194-3FF1-658E-03C1-00109B969630}"
EndProject
Global
	GlobalSection(SolutionConfigurationPlatforms) = preSolution
		Debug|Any CPU = Debug|Any CPU
		Release|Any CPU = Release|Any CPU
	EndGlobalSection
	GlobalSection(ProjectConfigurationPlatforms) = postSolution
		{574D6194-3FF1-658E-03C1-00109B969630}.Debug|Any CPU.ActiveCfg = Debug|Any CPU
		{574D6194-3FF1-658E-03C1-00109B969630}.Debug|Any CPU.Build.0 = Debug|Any CPU
		{574D6194-3FF1-658E-03C1-00109B969630}.Release|Any CPU.ActiveCfg = Release|Any CPU
		{574D6194-3FF1-658E-03C1-00109B969630}.Release|Any CPU.Build.0 = Release|Any CPU
	EndGlobalSection
	GlobalSection(SolutionProperties) = preSolution
		HideSolutionNode = FALSE
	EndGlobalSection
	GlobalSection(ExtensibilityGlobals) = postSolution
		SolutionGuid = {C71A5344-A0B2-4E5D-BFA8-8DD8A81887F3}
	EndGlobalSection
EndGlobal
